{
  "version": 4,
  "terraform_version": "1.11.2",
  "serial": 10,
  "lineage": "c856e3df-0978-56f4-df4e-f8cc96bcb835",
  "outputs": {},
  "resources": [
    {
      "mode": "managed",
      "type": "google_compute_instance",
      "name": "kafka_vm",
      "provider": "provider[\"registry.terraform.io/hashicorp/google\"]",
      "instances": [
        {
          "schema_version": 6,
          "attributes": {
            "advanced_machine_features": [],
            "allow_stopping_for_update": null,
            "attached_disk": [],
            "boot_disk": [
              {
                "auto_delete": true,
                "device_name": "persistent-disk-0",
                "disk_encryption_key_raw": "",
                "disk_encryption_key_sha256": "",
                "initialize_params": [
                  {
                    "image": "https://www.googleapis.com/compute/v1/projects/debian-cloud/global/images/debian-12-bookworm-v20250311",
                    "labels": {},
                    "resource_manager_tags": {},
                    "size": 30,
                    "type": "pd-standard"
                  }
                ],
                "kms_key_self_link": "",
                "mode": "READ_WRITE",
                "source": "https://www.googleapis.com/compute/v1/projects/ws-apparchi-tp-kafka-454312/zones/europe-west9-a/disks/kafka-instance"
              }
            ],
            "can_ip_forward": false,
            "confidential_instance_config": [],
            "cpu_platform": "Intel Broadwell",
            "current_status": "RUNNING",
            "deletion_protection": false,
            "description": "",
            "desired_status": null,
            "enable_display": false,
            "guest_accelerator": [],
            "hostname": "",
            "id": "projects/ws-apparchi-tp-kafka-454312/zones/europe-west9-a/instances/kafka-instance",
            "instance_id": "5707147293291030821",
            "label_fingerprint": "42WmSpB8rSM=",
            "labels": {},
            "machine_type": "e2-standard-2",
            "metadata": {
              "ssh-keys": "hamzabenyemna:ecdsa-sha2-nistp256 AAAAE2VjZHNhLXNoYTItbmlzdHAyNTYAAAAIbmlzdHAyNTYAAABBBAVny7nZO4qjX9GGB8TtkRSuRMGQO89SY0kiTXDbC5y6KfyUTKqX2V4yOyN8/6DcJJ53z3KzA4mjiwvOM0t3M4s= google-ssh {\"userName\":\"hamzabenyemna@gmail.com\",\"expireOn\":\"2025-03-20T13:31:15+0000\"}\nhamzabenyemna:ssh-rsa AAAAB3NzaC1yc2EAAAADAQABAAABAQC0UwfzTaSgeiBqDrYX/Gz3eSC/DrBoOqQsUg1QomMDg1kGU4xCSMCK0WT8RpIV3v0krf2bur0ZpQccnUOiTmMKTMiR6zkGLJmuFeLIDicCkz7dk4NyriRM6bjzHDivtvA67/BTa9psZ71Wlk8x1k7/iYp9ADZUlQz3CxprgL+t4nKGjIXDCd/+FmiubHCciX/5vjWXfVM3Z8HWpj3vuND9mYwKXD1v+DS1o9HteSd8UOrCvAvriNvePTpeivCuBul63rM6HFyL6tm0N6a9CAmnBKq8wpfE1MMR3L2Fdc1ex5eOGiMVsWpQJyX0kCFBqvlMx3HlPtxBlzQ2a3Rz+5EZ google-ssh {\"userName\":\"hamzabenyemna@gmail.com\",\"expireOn\":\"2025-03-20T13:31:18+0000\"}"
            },
            "metadata_fingerprint": "YH7UY15GhHc=",
            "metadata_startup_script": null,
            "min_cpu_platform": "",
            "name": "kafka-instance",
            "network_interface": [
              {
                "access_config": [
                  {
                    "nat_ip": "34.155.196.191",
                    "network_tier": "PREMIUM",
                    "public_ptr_domain_name": ""
                  }
                ],
                "alias_ip_range": [],
                "internal_ipv6_prefix_length": 0,
                "ipv6_access_config": [],
                "ipv6_access_type": "",
                "ipv6_address": "",
                "name": "nic0",
                "network": "https://www.googleapis.com/compute/v1/projects/ws-apparchi-tp-kafka-454312/global/networks/default",
                "network_ip": "10.200.0.3",
                "nic_type": "",
                "queue_count": 0,
                "stack_type": "IPV4_ONLY",
                "subnetwork": "https://www.googleapis.com/compute/v1/projects/ws-apparchi-tp-kafka-454312/regions/europe-west9/subnetworks/default",
                "subnetwork_project": "ws-apparchi-tp-kafka-454312"
              }
            ],
            "network_performance_config": [],
            "params": [],
            "project": "ws-apparchi-tp-kafka-454312",
            "reservation_affinity": [],
            "resource_policies": [],
            "scheduling": [
              {
                "automatic_restart": true,
                "instance_termination_action": "",
                "local_ssd_recovery_timeout": [],
                "min_node_cpus": 0,
                "node_affinities": [],
                "on_host_maintenance": "MIGRATE",
                "preemptible": false,
                "provisioning_model": "STANDARD"
              }
            ],
            "scratch_disk": [],
            "self_link": "https://www.googleapis.com/compute/v1/projects/ws-apparchi-tp-kafka-454312/zones/europe-west9-a/instances/kafka-instance",
            "service_account": [],
            "shielded_instance_config": [
              {
                "enable_integrity_monitoring": true,
                "enable_secure_boot": false,
                "enable_vtpm": true
              }
            ],
            "tags": [],
            "tags_fingerprint": "42WmSpB8rSM=",
            "timeouts": null,
            "zone": "europe-west9-a"
          },
          "sensitive_attributes": [
            [
              {
                "type": "get_attr",
                "value": "boot_disk"
              },
              {
                "type": "index",
                "value": {
                  "value": 0,
                  "type": "number"
                }
              },
              {
                "type": "get_attr",
                "value": "disk_encryption_key_raw"
              }
            ]
          ],
          "private": "eyJlMmJmYjczMC1lY2FhLTExZTYtOGY4OC0zNDM2M2JjN2M0YzAiOnsiY3JlYXRlIjoxMjAwMDAwMDAwMDAwLCJkZWxldGUiOjEyMDAwMDAwMDAwMDAsInVwZGF0ZSI6MTIwMDAwMDAwMDAwMH0sInNjaGVtYV92ZXJzaW9uIjoiNiJ9"
        }
      ]
    }
  ],
  "check_results": null
}
