{
  "version": 4,
  "terraform_version": "1.11.2",
  "serial": 3,
  "lineage": "fc842ed7-4a5d-9206-0827-e662d3bf7059",
  "outputs": {
    "instance_ip": {
      "value": "34.163.171.130",
      "type": "string"
    }
  },
  "resources": [
    {
      "mode": "managed",
      "type": "google_compute_firewall",
      "name": "allow_kafka_services",
      "provider": "provider[\"registry.terraform.io/hashicorp/google\"]",
      "instances": [
        {
          "schema_version": 1,
          "attributes": {
            "allow": [
              {
                "ports": [
                  "8080",
                  "9090",
                  "3000",
                  "9092",
                  "9095",
                  "9093",
                  "9094",
                  "2181",
                  "9308"
                ],
                "protocol": "tcp"
              }
            ],
            "creation_timestamp": "2025-03-19T10:08:04.637-07:00",
            "deny": [],
            "description": "",
            "destination_ranges": [],
            "direction": "INGRESS",
            "disabled": false,
            "enable_logging": null,
            "id": "projects/mon-projet-kafka/global/firewalls/allow-kafka-services",
            "log_config": [],
            "name": "allow-kafka-services",
            "network": "https://www.googleapis.com/compute/v1/projects/mon-projet-kafka/global/networks/default",
            "priority": 1000,
            "project": "mon-projet-kafka",
            "self_link": "https://www.googleapis.com/compute/v1/projects/mon-projet-kafka/global/firewalls/allow-kafka-services",
            "source_ranges": [
              "0.0.0.0/0"
            ],
            "source_service_accounts": null,
            "source_tags": null,
            "target_service_accounts": null,
            "target_tags": null,
            "timeouts": null
          },
          "sensitive_attributes": [],
          "private": "eyJlMmJmYjczMC1lY2FhLTExZTYtOGY4OC0zNDM2M2JjN2M0YzAiOnsiY3JlYXRlIjoxMjAwMDAwMDAwMDAwLCJkZWxldGUiOjEyMDAwMDAwMDAwMDAsInVwZGF0ZSI6MTIwMDAwMDAwMDAwMH0sInNjaGVtYV92ZXJzaW9uIjoiMSJ9"
        }
      ]
    },
    {
      "mode": "managed",
      "type": "google_compute_instance",
      "name": "kafka_vm",
      "provider": "provider[\"registry.terraform.io/hashicorp/google\"]",
      "instances": [
        {
          "schema_version": 6,
          "attributes": {
            "advanced_machine_features": [],
            "allow_stopping_for_update": null,
            "attached_disk": [],
            "boot_disk": [
              {
                "auto_delete": true,
                "device_name": "persistent-disk-0",
                "disk_encryption_key_raw": "",
                "disk_encryption_key_sha256": "",
                "initialize_params": [
                  {
                    "image": "https://www.googleapis.com/compute/v1/projects/debian-cloud/global/images/debian-12-bookworm-v20250311",
                    "labels": {},
                    "resource_manager_tags": null,
                    "size": 30,
                    "type": "pd-standard"
                  }
                ],
                "kms_key_self_link": "",
                "mode": "READ_WRITE",
                "source": "https://www.googleapis.com/compute/v1/projects/mon-projet-kafka/zones/europe-west9-a/disks/kafka-instance"
              }
            ],
            "can_ip_forward": false,
            "confidential_instance_config": [],
            "cpu_platform": "Intel Broadwell",
            "current_status": "RUNNING",
            "deletion_protection": false,
            "description": "",
            "desired_status": null,
            "enable_display": false,
            "guest_accelerator": [],
            "hostname": "",
            "id": "projects/mon-projet-kafka/zones/europe-west9-a/instances/kafka-instance",
            "instance_id": "756229179979548442",
            "label_fingerprint": "42WmSpB8rSM=",
            "labels": null,
            "machine_type": "e2-medium",
            "metadata": null,
            "metadata_fingerprint": "hV154cl5f4I=",
            "metadata_startup_script": "#!/bin/bash\necho \"🚀 [INFO] Installation des dépendances pour le déploiement Kafka + Monitoring\"\n\n# 🔹 Mise à jour des paquets\nsudo apt update \u0026\u0026 sudo apt upgrade -y\n\n# 🔹 Installation de Java 17\nsudo apt install -y openjdk-17-jdk\njava -version\n\n# 🔹 Installation de Docker\nsudo apt install -y apt-transport-https ca-certificates curl software-properties-common\ncurl -fsSL https://download.docker.com/linux/debian/gpg | sudo gpg --dearmor -o /usr/share/keyrings/docker-archive-keyring.gpg\necho \"deb [arch=$(dpkg --print-architecture) signed-by=/usr/share/keyrings/docker-archive-keyring.gpg] https://download.docker.com/linux/debian $(lsb_release -cs) stable\" | sudo tee /etc/apt/sources.list.d/docker.list \u003e /dev/null\nsudo apt update\nsudo apt install -y docker-ce docker-ce-cli containerd.io\n\n# 🔹 Ajout de l'utilisateur courant au groupe Docker\nsudo usermod -aG docker $USER\nnewgrp docker\n\n# 🔹 Installation de Docker Compose\nsudo curl -L \"https://github.com/docker/compose/releases/latest/download/docker-compose-$(uname -s)-$(uname -m)\" -o /usr/local/bin/docker-compose\nsudo chmod +x /usr/local/bin/docker-compose\ndocker-compose --version\n\n# 🔹 Activation et démarrage du service Docker\nsudo systemctl enable docker\nsudo systemctl start docker\n\n# 🔹 Vérification des versions installées\ndocker --version\njava -version\n\n# 🔹 Cloner le repo contenant les scripts Kafka\ncd /home/\ngit clone https://github.com/BENYEMNA-Hamza-DIA/TP-Kafka-v2.git\ncd TP-Kafka-v2\n\n# 🔹 Rendre tous les scripts exécutables\nchmod +x *.sh\n\n# 🔹 Lancer Docker Compose\ndocker-compose up -d\n\n# 🔹 Firewall : Ouverture des ports si UFW est actif\nif sudo ufw status | grep -q \"active\"; then\n    sudo ufw allow 9092/tcp   # HAProxy\n    sudo ufw allow 9095/tcp   # Kafka1\n    sudo ufw allow 9093/tcp   # Kafka2\n    sudo ufw allow 9094/tcp   # Kafka3\n    sudo ufw allow 2181/tcp   # Zookeeper\n    sudo ufw allow 3000/tcp   # Grafana\n    sudo ufw allow 9090/tcp   # Prometheus\n    sudo ufw allow 8080/tcp   # Kafka UI\n    sudo ufw allow 9308/tcp   # Kafka Exporter\n    sudo ufw reload\nfi\n\necho \"✅ [INFO] Installation terminée avec succès ! Vous pouvez maintenant exécuter votre pipeline Kafka.\"\n",
            "min_cpu_platform": "",
            "name": "kafka-instance",
            "network_interface": [
              {
                "access_config": [
                  {
                    "nat_ip": "34.163.171.130",
                    "network_tier": "PREMIUM",
                    "public_ptr_domain_name": ""
                  }
                ],
                "alias_ip_range": [],
                "internal_ipv6_prefix_length": 0,
                "ipv6_access_config": [],
                "ipv6_access_type": "",
                "ipv6_address": "",
                "name": "nic0",
                "network": "https://www.googleapis.com/compute/v1/projects/mon-projet-kafka/global/networks/default",
                "network_ip": "10.200.0.3",
                "nic_type": "",
                "queue_count": 0,
                "stack_type": "IPV4_ONLY",
                "subnetwork": "https://www.googleapis.com/compute/v1/projects/mon-projet-kafka/regions/europe-west9/subnetworks/default",
                "subnetwork_project": "mon-projet-kafka"
              }
            ],
            "network_performance_config": [],
            "params": [],
            "project": "mon-projet-kafka",
            "reservation_affinity": [],
            "resource_policies": null,
            "scheduling": [
              {
                "automatic_restart": true,
                "instance_termination_action": "",
                "local_ssd_recovery_timeout": [],
                "min_node_cpus": 0,
                "node_affinities": [],
                "on_host_maintenance": "MIGRATE",
                "preemptible": false,
                "provisioning_model": "STANDARD"
              }
            ],
            "scratch_disk": [],
            "self_link": "https://www.googleapis.com/compute/v1/projects/mon-projet-kafka/zones/europe-west9-a/instances/kafka-instance",
            "service_account": [],
            "shielded_instance_config": [
              {
                "enable_integrity_monitoring": true,
                "enable_secure_boot": false,
                "enable_vtpm": true
              }
            ],
            "tags": null,
            "tags_fingerprint": "42WmSpB8rSM=",
            "timeouts": null,
            "zone": "europe-west9-a"
          },
          "sensitive_attributes": [
            [
              {
                "type": "get_attr",
                "value": "boot_disk"
              },
              {
                "type": "index",
                "value": {
                  "value": 0,
                  "type": "number"
                }
              },
              {
                "type": "get_attr",
                "value": "disk_encryption_key_raw"
              }
            ]
          ],
          "private": "eyJlMmJmYjczMC1lY2FhLTExZTYtOGY4OC0zNDM2M2JjN2M0YzAiOnsiY3JlYXRlIjoxMjAwMDAwMDAwMDAwLCJkZWxldGUiOjEyMDAwMDAwMDAwMDAsInVwZGF0ZSI6MTIwMDAwMDAwMDAwMH0sInNjaGVtYV92ZXJzaW9uIjoiNiJ9"
        }
      ]
    }
  ],
  "check_results": null
}
